
Microsoft Visual Studio Solution File, Format Version 12.00
# Visual Studio Version 17
VisualStudioVersion = 17.8.34309.116
MinimumVisualStudioVersion = 10.0.40219.1
Project("{2150E333-8FDC-42A3-9474-1A3956D46DE8}") = "Backend", "Backend", "{1B041FA6-7D69-49EF-9584-6360EEE9C553}"
EndProject
Project("{9A19103F-16F7-4668-BE54-9A1E7A4F7556}") = "Lider-V-APIService", "Lider-V-APIService\Lider-V-APIService.csproj", "{7DF7ECBC-4011-426D-99A1-692955B3293E}"
EndProject
Global
	GlobalSection(SolutionConfigurationPlatforms) = preSolution
		Debug|Any CPU = Debug|Any CPU
		Release|Any CPU = Release|Any CPU
	EndGlobalSection
	GlobalSection(ProjectConfigurationPlatforms) = postSolution
		{7DF7ECBC-4011-426D-99A1-692955B3293E}.Debug|Any CPU.ActiveCfg = Debug|Any CPU
		{7DF7ECBC-4011-426D-99A1-692955B3293E}.Debug|Any CPU.Build.0 = Debug|Any CPU
		{7DF7ECBC-4011-426D-99A1-692955B3293E}.Release|Any CPU.ActiveCfg = Release|Any CPU
		{7DF7ECBC-4011-426D-99A1-692955B3293E}.Release|Any CPU.Build.0 = Release|Any CPU
	EndGlobalSection
	GlobalSection(SolutionProperties) = preSolution
		HideSolutionNode = FALSE
	EndGlobalSection
	GlobalSection(NestedProjects) = preSolution
		{7DF7ECBC-4011-426D-99A1-692955B3293E} = {1B041FA6-7D69-49EF-9584-6360EEE9C553}
	EndGlobalSection
	GlobalSection(ExtensibilityGlobals) = postSolution
		SolutionGuid = {85C4E820-DFFA-4288-8E8B-8DD3262442F4}
	EndGlobalSection
EndGlobal
